
Microsoft Visual Studio Solution File, Format Version 12.00
# Visual Studio Version 16
VisualStudioVersion = 16.0.29403.142
MinimumVisualStudioVersion = 10.0.40219.1
Project("{FAE04EC0-301F-11D3-BF4B-00C04F79EFBC}") = "Canghiari_Matteo_EsAgenzia", "Canghiari_Matteo_EsAgenzia.csproj", "{05F4E5BC-6B9C-4F26-9716-9A65F29238CE}"
EndProject
Global
	GlobalSection(SolutionConfigurationPlatforms) = preSolution
		Debug|Any CPU = Debug|Any CPU
		Release|Any CPU = Release|Any CPU
	EndGlobalSection
	GlobalSection(ProjectConfigurationPlatforms) = postSolution
		{05F4E5BC-6B9C-4F26-9716-9A65F29238CE}.Debug|Any CPU.ActiveCfg = Debug|Any CPU
		{05F4E5BC-6B9C-4F26-9716-9A65F29238CE}.Debug|Any CPU.Build.0 = Debug|Any CPU
		{05F4E5BC-6B9C-4F26-9716-9A65F29238CE}.Release|Any CPU.ActiveCfg = Release|Any CPU
		{05F4E5BC-6B9C-4F26-9716-9A65F29238CE}.Release|Any CPU.Build.0 = Release|Any CPU
	EndGlobalSection
	GlobalSection(SolutionProperties) = preSolution
		HideSolutionNode = FALSE
	EndGlobalSection
	GlobalSection(ExtensibilityGlobals) = postSolution
		SolutionGuid = {14616D69-90C1-4D3B-A9DA-771CDCE98F91}
	EndGlobalSection
EndGlobal
